
Microsoft Visual Studio Solution File, Format Version 12.00
# Visual Studio Version 17
VisualStudioVersion = 17.4.33205.214
MinimumVisualStudioVersion = 10.0.40219.1
Project("{9A19103F-16F7-4668-BE54-9A1E7A4F7556}") = "SistemaContaUsuario", "SistemaContaUsuario.csproj", "{C016389D-1F9A-47C4-A9B3-13C0A77EB6DA}"
EndProject
Global
	GlobalSection(SolutionConfigurationPlatforms) = preSolution
		Debug|Any CPU = Debug|Any CPU
		Release|Any CPU = Release|Any CPU
	EndGlobalSection
	GlobalSection(ProjectConfigurationPlatforms) = postSolution
		{C016389D-1F9A-47C4-A9B3-13C0A77EB6DA}.Debug|Any CPU.ActiveCfg = Debug|Any CPU
		{C016389D-1F9A-47C4-A9B3-13C0A77EB6DA}.Debug|Any CPU.Build.0 = Debug|Any CPU
		{C016389D-1F9A-47C4-A9B3-13C0A77EB6DA}.Release|Any CPU.ActiveCfg = Release|Any CPU
		{C016389D-1F9A-47C4-A9B3-13C0A77EB6DA}.Release|Any CPU.Build.0 = Release|Any CPU
	EndGlobalSection
	GlobalSection(SolutionProperties) = preSolution
		HideSolutionNode = FALSE
	EndGlobalSection
	GlobalSection(ExtensibilityGlobals) = postSolution
		SolutionGuid = {DBBDCE4C-F029-4C1F-914C-384623F7AEB2}
	EndGlobalSection
EndGlobal
